
Microsoft Visual Studio Solution File, Format Version 12.00
# Visual Studio Version 16
VisualStudioVersion = 16.0.30503.244
MinimumVisualStudioVersion = 10.0.40219.1
Project("{FAE04EC0-301F-11D3-BF4B-00C04F79EFBC}") = "PRC_Project.API", "PRC_Project.API\PRC_Project.API.csproj", "{0411F544-BC2F-436C-85A9-8D3EA2AB97A1}"
EndProject
Project("{FAE04EC0-301F-11D3-BF4B-00C04F79EFBC}") = "PRC_Project.Data", "PRC_Project.Data\PRC_Project.Data.csproj", "{0A0E4D52-9804-43D6-8844-8D366832B016}"
EndProject
Project("{FAE04EC0-301F-11D3-BF4B-00C04F79EFBC}") = "PRC_Project_Business", "PRC_Project_Business\PRC_Project_Business.csproj", "{F2C0A42D-7147-4E7B-B5DE-35D22541F270}"
EndProject
Global
	GlobalSection(SolutionConfigurationPlatforms) = preSolution
		Debug|Any CPU = Debug|Any CPU
		Release|Any CPU = Release|Any CPU
	EndGlobalSection
	GlobalSection(ProjectConfigurationPlatforms) = postSolution
		{0411F544-BC2F-436C-85A9-8D3EA2AB97A1}.Debug|Any CPU.ActiveCfg = Debug|Any CPU
		{0411F544-BC2F-436C-85A9-8D3EA2AB97A1}.Debug|Any CPU.Build.0 = Debug|Any CPU
		{0411F544-BC2F-436C-85A9-8D3EA2AB97A1}.Release|Any CPU.ActiveCfg = Release|Any CPU
		{0411F544-BC2F-436C-85A9-8D3EA2AB97A1}.Release|Any CPU.Build.0 = Release|Any CPU
		{0A0E4D52-9804-43D6-8844-8D366832B016}.Debug|Any CPU.ActiveCfg = Debug|Any CPU
		{0A0E4D52-9804-43D6-8844-8D366832B016}.Debug|Any CPU.Build.0 = Debug|Any CPU
		{0A0E4D52-9804-43D6-8844-8D366832B016}.Release|Any CPU.ActiveCfg = Release|Any CPU
		{0A0E4D52-9804-43D6-8844-8D366832B016}.Release|Any CPU.Build.0 = Release|Any CPU
		{F2C0A42D-7147-4E7B-B5DE-35D22541F270}.Debug|Any CPU.ActiveCfg = Debug|Any CPU
		{F2C0A42D-7147-4E7B-B5DE-35D22541F270}.Debug|Any CPU.Build.0 = Debug|Any CPU
		{F2C0A42D-7147-4E7B-B5DE-35D22541F270}.Release|Any CPU.ActiveCfg = Release|Any CPU
		{F2C0A42D-7147-4E7B-B5DE-35D22541F270}.Release|Any CPU.Build.0 = Release|Any CPU
	EndGlobalSection
	GlobalSection(SolutionProperties) = preSolution
		HideSolutionNode = FALSE
	EndGlobalSection
	GlobalSection(ExtensibilityGlobals) = postSolution
		SolutionGuid = {B51719FD-D243-4231-A3E9-56006A1F75CE}
	EndGlobalSection
EndGlobal
